// !$*UTF8*$!
{
	archiveVersion = 1;
	classes = {
	};
	objectVersion = 50;
	objects = {

/* Begin PBXBuildFile section */
		F25049FD26DCC7F7004FCBFA /* ViewExtension.swift in Sources */ = {isa = PBXBuildFile; fileRef = F25049F926DCC7ED004FCBFA /* ViewExtension.swift */; };
		F25049FE26DCC7F7004FCBFA /* PickerStyles.swift in Sources */ = {isa = PBXBuildFile; fileRef = F25049FA26DCC7F7004FCBFA /* PickerStyles.swift */; };
		F25049FF26DCC7F7004FCBFA /* PickerTypesApp.swift in Sources */ = {isa = PBXBuildFile; fileRef = F25049FB26DCC7F7004FCBFA /* PickerTypesApp.swift */; };
		F2504A0026DCC7F7004FCBFA /* PickerStyleView.swift in Sources */ = {isa = PBXBuildFile; fileRef = F25049FC26DCC7F7004FCBFA /* PickerStyleView.swift */; };
		F29E616726DC5EA0001A7D18 /* ContentView.swift in Sources */ = {isa = PBXBuildFile; fileRef = F29E616626DC5EA0001A7D18 /* ContentView.swift */; };
		F29E616926DC5EA1001A7D18 /* Assets.xcassets in Resources */ = {isa = PBXBuildFile; fileRef = F29E616826DC5EA1001A7D18 /* Assets.xcassets */; };
		F29E616C26DC5EA1001A7D18 /* Preview Assets.xcassets in Resources */ = {isa = PBXBuildFile; fileRef = F29E616B26DC5EA1001A7D18 /* Preview Assets.xcassets */; };
/* End PBXBuildFile section */

/* Begin PBXFileReference section */
		F25049F926DCC7ED004FCBFA /* ViewExtension.swift */ = {isa = PBXFileReference; fileEncoding = 4; lastKnownFileType = sourcecode.swift; path = ViewExtension.swift; sourceTree = "<group>"; };
		F25049FA26DCC7F7004FCBFA /* PickerStyles.swift */ = {isa = PBXFileReference; fileEncoding = 4; lastKnownFileType = sourcecode.swift; path = PickerStyles.swift; sourceTree = "<group>"; };
		F25049FB26DCC7F7004FCBFA /* PickerTypesApp.swift */ = {isa = PBXFileReference; fileEncoding = 4; lastKnownFileType = sourcecode.swift; path = PickerTypesApp.swift; sourceTree = "<group>"; };
		F25049FC26DCC7F7004FCBFA /* PickerStyleView.swift */ = {isa = PBXFileReference; fileEncoding = 4; lastKnownFileType = sourcecode.swift; path = PickerStyleView.swift; sourceTree = "<group>"; };
		F29E616126DC5EA0001A7D18 /* PickerTypes.app */ = {isa = PBXFileReference; explicitFileType = wrapper.application; includeInIndex = 0; path = PickerTypes.app; sourceTree = BUILT_PRODUCTS_DIR; };
		F29E616626DC5EA0001A7D18 /* ContentView.swift */ = {isa = PBXFileReference; lastKnownFileType = sourcecode.swift; path = ContentView.swift; sourceTree = "<group>"; };
		F29E616826DC5EA1001A7D18 /* Assets.xcassets */ = {isa = PBXFileReference; lastKnownFileType = folder.assetcatalog; path = Assets.xcassets; sourceTree = "<group>"; };
		F29E616B26DC5EA1001A7D18 /* Preview Assets.xcassets */ = {isa = PBXFileReference; lastKnownFileType = folder.assetcatalog; path = "Preview Assets.xcassets"; sourceTree = "<group>"; };
		F29E616D26DC5EA1001A7D18 /* Info.plist */ = {isa = PBXFileReference; lastKnownFileType = text.plist.xml; path = Info.plist; sourceTree = "<group>"; };
/* End PBXFileReference section */

/* Begin PBXFrameworksBuildPhase section */
		F29E615E26DC5EA0001A7D18 /* Frameworks */ = {
			isa = PBXFrameworksBuildPhase;
			buildActionMask = 2147483647;
			files = (
			);
			runOnlyForDeploymentPostprocessing = 0;
		};
/* End PBXFrameworksBuildPhase section */

/* Begin PBXGroup section */
		F29E615826DC5EA0001A7D18 = {
			isa = PBXGroup;
			children = (
				F29E616326DC5EA0001A7D18 /* PickerTypes */,
				F29E616226DC5EA0001A7D18 /* Products */,
			);
			sourceTree = "<group>";
		};
		F29E616226DC5EA0001A7D18 /* Products */ = {
			isa = PBXGroup;
			children = (
				F29E616126DC5EA0001A7D18 /* PickerTypes.app */,
			);
			name = Products;
			sourceTree = "<group>";
		};
		F29E616326DC5EA0001A7D18 /* PickerTypes */ = {
			isa = PBXGroup;
			children = (
				F25049F926DCC7ED004FCBFA /* ViewExtension.swift */,
				F25049FA26DCC7F7004FCBFA /* PickerStyles.swift */,
				F25049FB26DCC7F7004FCBFA /* PickerTypesApp.swift */,
				F29E616626DC5EA0001A7D18 /* ContentView.swift */,
				F25049FC26DCC7F7004FCBFA /* PickerStyleView.swift */,
				F29E616826DC5EA1001A7D18 /* Assets.xcassets */,
				F29E616D26DC5EA1001A7D18 /* Info.plist */,
				F29E616A26DC5EA1001A7D18 /* Preview Content */,
			);
			path = PickerTypes;
			sourceTree = "<group>";
		};
		F29E616A26DC5EA1001A7D18 /* Preview Content */ = {
			isa = PBXGroup;
			children = (
				F29E616B26DC5EA1001A7D18 /* Preview Assets.xcassets */,
			);
			path = "Preview Content";
			sourceTree = "<group>";
		};
/* End PBXGroup section */

/* Begin PBXNativeTarget section */
		F29E616026DC5EA0001A7D18 /* PickerTypes */ = {
			isa = PBXNativeTarget;
			buildConfigurationList = F29E617026DC5EA1001A7D18 /* Build configuration list for PBXNativeTarget "PickerTypes" */;
			buildPhases = (
				F29E615D26DC5EA0001A7D18 /* Sources */,
				F29E615E26DC5EA0001A7D18 /* Frameworks */,
				F29E615F26DC5EA0001A7D18 /* Resources */,
			);
			buildRules = (
			);
			dependencies = (
			);
			name = PickerTypes;
			productName = PickerTypes;
			productReference = F29E616126DC5EA0001A7D18 /* PickerTypes.app */;
			productType = "com.apple.product-type.application";
		};
/* End PBXNativeTarget section */

/* Begin PBXProject section */
		F29E615926DC5EA0001A7D18 /* Project object */ = {
			isa = PBXProject;
			attributes = {
				LastSwiftUpdateCheck = 1250;
				LastUpgradeCheck = 1250;
				TargetAttributes = {
					F29E616026DC5EA0001A7D18 = {
						CreatedOnToolsVersion = 12.5.1;
					};
				};
			};
			buildConfigurationList = F29E615C26DC5EA0001A7D18 /* Build configuration list for PBXProject "PickerTypes" */;
			compatibilityVersion = "Xcode 9.3";
			developmentRegion = en;
			hasScannedForEncodings = 0;
			knownRegions = (
				en,
				Base,
			);
			mainGroup = F29E615826DC5EA0001A7D18;
			productRefGroup = F29E616226DC5EA0001A7D18 /* Products */;
			projectDirPath = "";
			projectRoot = "";
			targets = (
				F29E616026DC5EA0001A7D18 /* PickerTypes */,
			);
		};
/* End PBXProject section */

/* Begin PBXResourcesBuildPhase section */
		F29E615F26DC5EA0001A7D18 /* Resources */ = {
			isa = PBXResourcesBuildPhase;
			buildActionMask = 2147483647;
			files = (
				F29E616C26DC5EA1001A7D18 /* Preview Assets.xcassets in Resources */,
				F29E616926DC5EA1001A7D18 /* Assets.xcassets in Resources */,
			);
			runOnlyForDeploymentPostprocessing = 0;
		};
/* End PBXResourcesBuildPhase section */

/* Begin PBXSourcesBuildPhase section */
		F29E615D26DC5EA0001A7D18 /* Sources */ = {
			isa = PBXSourcesBuildPhase;
			buildActionMask = 2147483647;
			files = (
				F2504A0026DCC7F7004FCBFA /* PickerStyleView.swift in Sources */,
				F25049FD26DCC7F7004FCBFA /* ViewExtension.swift in Sources */,
				F29E616726DC5EA0001A7D18 /* ContentView.swift in Sources */,
				F25049FF26DCC7F7004FCBFA /* PickerTypesApp.swift in Sources */,
				F25049FE26DCC7F7004FCBFA /* PickerStyles.swift in Sources */,
			);
			runOnlyForDeploymentPostprocessing = 0;
		};
/* End PBXSourcesBuildPhase section */

/* Begin XCBuildConfiguration section */
		F29E616E26DC5EA1001A7D18 /* Debug */ = {
			isa = XCBuildConfiguration;
			buildSettings = {
				ALWAYS_SEARCH_USER_PATHS = NO;
				CLANG_ANALYZER_NONNULL = YES;
				CLANG_ANALYZER_NUMBER_OBJECT_CONVERSION = YES_AGGRESSIVE;
				CLANG_CXX_LANGUAGE_STANDARD = "gnu++14";
				CLANG_CXX_LIBRARY = "libc++";
				CLANG_ENABLE_MODULES = YES;
				CLANG_ENABLE_OBJC_ARC = YES;
				CLANG_ENABLE_OBJC_WEAK = YES;
				CLANG_WARN_BLOCK_CAPTURE_AUTORELEASING = YES;
				CLANG_WARN_BOOL_CONVERSION = YES;
				CLANG_WARN_COMMA = YES;
				CLANG_WARN_CONSTANT_CONVERSION = YES;
				CLANG_WARN_DEPRECATED_OBJC_IMPLEMENTATIONS = YES;
				CLANG_WARN_DIRECT_OBJC_ISA_USAGE = YES_ERROR;
				CLANG_WARN_DOCUMENTATION_COMMENTS = YES;
				CLANG_WARN_EMPTY_BODY = YES;
				CLANG_WARN_ENUM_CONVERSION = YES;
				CLANG_WARN_INFINITE_RECURSION = YES;
				CLANG_WARN_INT_CONVERSION = YES;
				CLANG_WARN_NON_LITERAL_NULL_CONVERSION = YES;
				CLANG_WARN_OBJC_IMPLICIT_RETAIN_SELF = YES;
				CLANG_WARN_OBJC_LITERAL_CONVERSION = YES;
				CLANG_WARN_OBJC_ROOT_CLASS = YES_ERROR;
				CLANG_WARN_QUOTED_INCLUDE_IN_FRAMEWORK_HEADER = YES;
				CLANG_WARN_RANGE_LOOP_ANALYSIS = YES;
				CLANG_WARN_STRICT_PROTOTYPES = YES;
				CLANG_WARN_SUSPICIOUS_MOVE = YES;
				CLANG_WARN_UNGUARDED_AVAILABILITY = YES_AGGRESSIVE;
				CLANG_WARN_UNREACHABLE_CODE = YES;
				CLANG_WARN__DUPLICATE_METHOD_MATCH = YES;
				COPY_PHASE_STRIP = NO;
				DEBUG_INFORMATION_FORMAT = dwarf;
				ENABLE_STRICT_OBJC_MSGSEND = YES;
				ENABLE_TESTABILITY = YES;
				GCC_C_LANGUAGE_STANDARD = gnu11;
				GCC_DYNAMIC_NO_PIC = NO;
				GCC_NO_COMMON_BLOCKS = YES;
				GCC_OPTIMIZATION_LEVEL = 0;
				GCC_PREPROCESSOR_DEFINITIONS = (
					"DEBUG=1",
					"$(inherited)",
				);
				GCC_WARN_64_TO_32_BIT_CONVERSION = YES;
				GCC_WARN_ABOUT_RETURN_TYPE = YES_ERROR;
				GCC_WARN_UNDECLARED_SELECTOR = YES;
				GCC_WARN_UNINITIALIZED_AUTOS = YES_AGGRESSIVE;
				GCC_WARN_UNUSED_FUNCTION = YES;
				GCC_WARN_UNUSED_VARIABLE = YES;
				IPHONEOS_DEPLOYMENT_TARGET = 14.5;
				MTL_ENABLE_DEBUG_INFO = INCLUDE_SOURCE;
				MTL_FAST_MATH = YES;
				ONLY_ACTIVE_ARCH = YES;
				SDKROOT = iphoneos;
				SWIFT_ACTIVE_COMPILATION_CONDITIONS = DEBUG;
				SWIFT_OPTIMIZATION_LEVEL = "-Onone";
			};
			name = Debug;
		};
		F29E616F26DC5EA1001A7D18 /* Release */ = {
			isa = XCBuildConfiguration;
			buildSettings = {
				ALWAYS_SEARCH_USER_PATHS = NO;
				CLANG_ANALYZER_NONNULL = YES;
				CLANG_ANALYZER_NUMBER_OBJECT_CONVERSION = YES_AGGRESSIVE;
				CLANG_CXX_LANGUAGE_STANDARD = "gnu++14";
				CLANG_CXX_LIBRARY = "libc++";
				CLANG_ENABLE_MODULES = YES;
				CLANG_ENABLE_OBJC_ARC = YES;
				CLANG_ENABLE_OBJC_WEAK = YES;
				CLANG_WARN_BLOCK_CAPTURE_AUTORELEASING = YES;
				CLANG_WARN_BOOL_CONVERSION = YES;
				CLANG_WARN_COMMA = YES;
				CLANG_WARN_CONSTANT_CONVERSION = YES;
				CLANG_WARN_DEPRECATED_OBJC_IMPLEMENTATIONS = YES;
				CLANG_WARN_DIRECT_OBJC_ISA_USAGE = YES_ERROR;
				CLANG_WARN_DOCUMENTATION_COMMENTS = YES;
				CLANG_WARN_EMPTY_BODY = YES;
				CLANG_WARN_ENUM_CONVERSION = YES;
				CLANG_WARN_INFINITE_RECURSION = YES;
				CLANG_WARN_INT_CONVERSION = YES;
				CLANG_WARN_NON_LITERAL_NULL_CONVERSION = YES;
				CLANG_WARN_OBJC_IMPLICIT_RETAIN_SELF = YES;
				CLANG_WARN_OBJC_LITERAL_CONVERSION = YES;
				CLANG_WARN_OBJC_ROOT_CLASS = YES_ERROR;
				CLANG_WARN_QUOTED_INCLUDE_IN_FRAMEWORK_HEADER = YES;
				CLANG_WARN_RANGE_LOOP_ANALYSIS = YES;
				CLANG_WARN_STRICT_PROTOTYPES = YES;
				CLANG_WARN_SUSPICIOUS_MOVE = YES;
				CLANG_WARN_UNGUARDED_AVAILABILITY = YES_AGGRESSIVE;
				CLANG_WARN_UNREACHABLE_CODE = YES;
				CLANG_WARN__DUPLICATE_METHOD_MATCH = YES;
				COPY_PHASE_STRIP = NO;
				DEBUG_INFORMATION_FORMAT = "dwarf-with-dsym";
				ENABLE_NS_ASSERTIONS = NO;
				ENABLE_STRICT_OBJC_MSGSEND = YES;
				GCC_C_LANGUAGE_STANDARD = gnu11;
				GCC_NO_COMMON_BLOCKS = YES;
				GCC_WARN_64_TO_32_BIT_CONVERSION = YES;
				GCC_WARN_ABOUT_RETURN_TYPE = YES_ERROR;
				GCC_WARN_UNDECLARED_SELECTOR = YES;
				GCC_WARN_UNINITIALIZED_AUTOS = YES_AGGRESSIVE;
				GCC_WARN_UNUSED_FUNCTION = YES;
				GCC_WARN_UNUSED_VARIABLE = YES;
				IPHONEOS_DEPLOYMENT_TARGET = 14.5;
				MTL_ENABLE_DEBUG_INFO = NO;
				MTL_FAST_MATH = YES;
				SDKROOT = iphoneos;
				SWIFT_COMPILATION_MODE = wholemodule;
				SWIFT_OPTIMIZATION_LEVEL = "-O";
				VALIDATE_PRODUCT = YES;
			};
			name = Release;
		};
		F29E617126DC5EA1001A7D18 /* Debug */ = {
			isa = XCBuildConfiguration;
			buildSettings = {
				ASSETCATALOG_COMPILER_APPICON_NAME = AppIcon;
				ASSETCATALOG_COMPILER_GLOBAL_ACCENT_COLOR_NAME = AccentColor;
				CODE_SIGN_STYLE = Automatic;
				DEVELOPMENT_ASSET_PATHS = "\"PickerTypes/Preview Content\"";
				DEVELOPMENT_TEAM = "";
				ENABLE_PREVIEWS = YES;
				INFOPLIST_FILE = PickerTypes/Info.plist;
				IPHONEOS_DEPLOYMENT_TARGET = 14.0;
				LD_RUNPATH_SEARCH_PATHS = (
					"$(inherited)",
					"@executable_path/Frameworks",
				);
				PRODUCT_BUNDLE_IDENTIFIER = com.darktt.personal.company.PickerTypes;
				PRODUCT_NAME = "$(TARGET_NAME)";
				SWIFT_VERSION = 5.0;
				TARGETED_DEVICE_FAMILY = "1,2";
			};
			name = Debug;
		};
		F29E617226DC5EA1001A7D18 /* Release */ = {
			isa = XCBuildConfiguration;
			buildSettings = {
				ASSETCATALOG_COMPILER_APPICON_NAME = AppIcon;
				ASSETCATALOG_COMPILER_GLOBAL_ACCENT_COLOR_NAME = AccentColor;
				CODE_SIGN_STYLE = Automatic;
				DEVELOPMENT_ASSET_PATHS = "\"PickerTypes/Preview Content\"";
				DEVELOPMENT_TEAM = "";
				ENABLE_PREVIEWS = YES;
				INFOPLIST_FILE = PickerTypes/Info.plist;
				IPHONEOS_DEPLOYMENT_TARGET = 14.0;
				LD_RUNPATH_SEARCH_PATHS = (
					"$(inherited)",
					"@executable_path/Frameworks",
				);
				PRODUCT_BUNDLE_IDENTIFIER = com.darktt.personal.company.PickerTypes;
				PRODUCT_NAME = "$(TARGET_NAME)";
				SWIFT_VERSION = 5.0;
				TARGETED_DEVICE_FAMILY = "1,2";
			};
			name = Release;
		};
/* End XCBuildConfiguration section */

/* Begin XCConfigurationList section */
		F29E615C26DC5EA0001A7D18 /* Build configuration list for PBXProject "PickerTypes" */ = {
			isa = XCConfigurationList;
			buildConfigurations = (
				F29E616E26DC5EA1001A7D18 /* Debug */,
				F29E616F26DC5EA1001A7D18 /* Release */,
			);
			defaultConfigurationIsVisible = 0;
			defaultConfigurationName = Release;
		};
		F29E617026DC5EA1001A7D18 /* Build configuration list for PBXNativeTarget "PickerTypes" */ = {
			isa = XCConfigurationList;
			buildConfigurations = (
				F29E617126DC5EA1001A7D18 /* Debug */,
				F29E617226DC5EA1001A7D18 /* Release */,
			);
			defaultConfigurationIsVisible = 0;
			defaultConfigurationName = Release;
		};
/* End XCConfigurationList section */
	};
	rootObject = F29E615926DC5EA0001A7D18 /* Project object */;
}
